
Microsoft Visual Studio Solution File, Format Version 12.00
# Visual Studio 15
VisualStudioVersion = 15.0.27703.2035
MinimumVisualStudioVersion = 10.0.40219.1
Project("{FAE04EC0-301F-11D3-BF4B-00C04F79EFBC}") = "LinguisticTools", "LinguisticTools\LinguisticTools.csproj", "{1B33CE1D-C9A2-4660-ABDA-35BEAA21C82C}"
EndProject
Project("{FAE04EC0-301F-11D3-BF4B-00C04F79EFBC}") = "Models", "Models\Models.csproj", "{3440DAC3-7EF2-4322-80F2-9DB54AB616F8}"
EndProject
Project("{FAE04EC0-301F-11D3-BF4B-00C04F79EFBC}") = "GreeklishHelper", "GreeklishHelper\GreeklishHelper.csproj", "{53A77019-83FF-4151-A009-8BF02D08D86F}"
EndProject
Project("{FAE04EC0-301F-11D3-BF4B-00C04F79EFBC}") = "ExternalServices", "ExternalServices\ExternalServices.csproj", "{3C974EFA-ED29-4A16-9124-E6703A7DBEB3}"
EndProject
Project("{FAE04EC0-301F-11D3-BF4B-00C04F79EFBC}") = "GeneralTests", "GreeklishHelperUnitTests\GeneralTests.csproj", "{F032BA9E-5EC5-4788-BBFC-C415594B3342}"
EndProject
Global
	GlobalSection(SolutionConfigurationPlatforms) = preSolution
		Debug|Any CPU = Debug|Any CPU
		Release|Any CPU = Release|Any CPU
	EndGlobalSection
	GlobalSection(ProjectConfigurationPlatforms) = postSolution
		{1B33CE1D-C9A2-4660-ABDA-35BEAA21C82C}.Debug|Any CPU.ActiveCfg = Debug|Any CPU
		{1B33CE1D-C9A2-4660-ABDA-35BEAA21C82C}.Debug|Any CPU.Build.0 = Debug|Any CPU
		{1B33CE1D-C9A2-4660-ABDA-35BEAA21C82C}.Release|Any CPU.ActiveCfg = Release|Any CPU
		{1B33CE1D-C9A2-4660-ABDA-35BEAA21C82C}.Release|Any CPU.Build.0 = Release|Any CPU
		{3440DAC3-7EF2-4322-80F2-9DB54AB616F8}.Debug|Any CPU.ActiveCfg = Debug|Any CPU
		{3440DAC3-7EF2-4322-80F2-9DB54AB616F8}.Debug|Any CPU.Build.0 = Debug|Any CPU
		{3440DAC3-7EF2-4322-80F2-9DB54AB616F8}.Release|Any CPU.ActiveCfg = Release|Any CPU
		{3440DAC3-7EF2-4322-80F2-9DB54AB616F8}.Release|Any CPU.Build.0 = Release|Any CPU
		{53A77019-83FF-4151-A009-8BF02D08D86F}.Debug|Any CPU.ActiveCfg = Debug|Any CPU
		{53A77019-83FF-4151-A009-8BF02D08D86F}.Debug|Any CPU.Build.0 = Debug|Any CPU
		{53A77019-83FF-4151-A009-8BF02D08D86F}.Release|Any CPU.ActiveCfg = Release|Any CPU
		{53A77019-83FF-4151-A009-8BF02D08D86F}.Release|Any CPU.Build.0 = Release|Any CPU
		{3C974EFA-ED29-4A16-9124-E6703A7DBEB3}.Debug|Any CPU.ActiveCfg = Debug|Any CPU
		{3C974EFA-ED29-4A16-9124-E6703A7DBEB3}.Debug|Any CPU.Build.0 = Debug|Any CPU
		{3C974EFA-ED29-4A16-9124-E6703A7DBEB3}.Release|Any CPU.ActiveCfg = Release|Any CPU
		{3C974EFA-ED29-4A16-9124-E6703A7DBEB3}.Release|Any CPU.Build.0 = Release|Any CPU
		{F032BA9E-5EC5-4788-BBFC-C415594B3342}.Debug|Any CPU.ActiveCfg = Debug|Any CPU
		{F032BA9E-5EC5-4788-BBFC-C415594B3342}.Debug|Any CPU.Build.0 = Debug|Any CPU
		{F032BA9E-5EC5-4788-BBFC-C415594B3342}.Release|Any CPU.ActiveCfg = Release|Any CPU
		{F032BA9E-5EC5-4788-BBFC-C415594B3342}.Release|Any CPU.Build.0 = Release|Any CPU
	EndGlobalSection
	GlobalSection(SolutionProperties) = preSolution
		HideSolutionNode = FALSE
	EndGlobalSection
	GlobalSection(ExtensibilityGlobals) = postSolution
		SolutionGuid = {096C4F42-70D8-4600-A88A-17F1D575B990}
	EndGlobalSection
EndGlobal
